// !$*UTF8*$!
{
	archiveVersion = 1;
	classes = {
	};
	objectVersion = 46;
	objects = {

/* Begin PBXBuildFile section */
		7B9CBC9B1A97F29200922B92 /* AppDelegate.swift in Sources */ = {isa = PBXBuildFile; fileRef = 7B9CBC9A1A97F29200922B92 /* AppDelegate.swift */; };
		7B9CBC9D1A97F29200922B92 /* ViewController.swift in Sources */ = {isa = PBXBuildFile; fileRef = 7B9CBC9C1A97F29200922B92 /* ViewController.swift */; };
		7B9CBCA01A97F29200922B92 /* Main.storyboard in Resources */ = {isa = PBXBuildFile; fileRef = 7B9CBC9E1A97F29200922B92 /* Main.storyboard */; };
		7B9CBCA21A97F29200922B92 /* Images.xcassets in Resources */ = {isa = PBXBuildFile; fileRef = 7B9CBCA11A97F29200922B92 /* Images.xcassets */; };
		7B9CBCA51A97F29200922B92 /* LaunchScreen.xib in Resources */ = {isa = PBXBuildFile; fileRef = 7B9CBCA31A97F29200922B92 /* LaunchScreen.xib */; };
		7B9CBCB11A97F29200922B92 /* PostcardTests.swift in Sources */ = {isa = PBXBuildFile; fileRef = 7B9CBCB01A97F29200922B92 /* PostcardTests.swift */; };
		7BDDA2741A9BE3510015D69A /* SagradaFamilia.jpeg in Resources */ = {isa = PBXBuildFile; fileRef = 7BDDA2731A9BE3510015D69A /* SagradaFamilia.jpeg */; };
		7BDDA2761A9BE79A0015D69A /* AlbertEinsteinStamp.jpg in Resources */ = {isa = PBXBuildFile; fileRef = 7BDDA2751A9BE79A0015D69A /* AlbertEinsteinStamp.jpg */; };
/* End PBXBuildFile section */

/* Begin PBXContainerItemProxy section */
		7B9CBCAB1A97F29200922B92 /* PBXContainerItemProxy */ = {
			isa = PBXContainerItemProxy;
			containerPortal = 7B9CBC8D1A97F29200922B92 /* Project object */;
			proxyType = 1;
			remoteGlobalIDString = 7B9CBC941A97F29200922B92;
			remoteInfo = Postcard;
		};
/* End PBXContainerItemProxy section */

/* Begin PBXFileReference section */
		7B9CBC951A97F29200922B92 /* Postcard.app */ = {isa = PBXFileReference; explicitFileType = wrapper.application; includeInIndex = 0; path = Postcard.app; sourceTree = BUILT_PRODUCTS_DIR; };
		7B9CBC991A97F29200922B92 /* Info.plist */ = {isa = PBXFileReference; lastKnownFileType = text.plist.xml; path = Info.plist; sourceTree = "<group>"; };
		7B9CBC9A1A97F29200922B92 /* AppDelegate.swift */ = {isa = PBXFileReference; lastKnownFileType = sourcecode.swift; path = AppDelegate.swift; sourceTree = "<group>"; };
		7B9CBC9C1A97F29200922B92 /* ViewController.swift */ = {isa = PBXFileReference; lastKnownFileType = sourcecode.swift; path = ViewController.swift; sourceTree = "<group>"; };
		7B9CBC9F1A97F29200922B92 /* Base */ = {isa = PBXFileReference; lastKnownFileType = file.storyboard; name = Base; path = Base.lproj/Main.storyboard; sourceTree = "<group>"; };
		7B9CBCA11A97F29200922B92 /* Images.xcassets */ = {isa = PBXFileReference; lastKnownFileType = folder.assetcatalog; path = Images.xcassets; sourceTree = "<group>"; };
		7B9CBCA41A97F29200922B92 /* Base */ = {isa = PBXFileReference; lastKnownFileType = file.xib; name = Base; path = Base.lproj/LaunchScreen.xib; sourceTree = "<group>"; };
		7B9CBCAA1A97F29200922B92 /* PostcardTests.xctest */ = {isa = PBXFileReference; explicitFileType = wrapper.cfbundle; includeInIndex = 0; path = PostcardTests.xctest; sourceTree = BUILT_PRODUCTS_DIR; };
		7B9CBCAF1A97F29200922B92 /* Info.plist */ = {isa = PBXFileReference; lastKnownFileType = text.plist.xml; path = Info.plist; sourceTree = "<group>"; };
		7B9CBCB01A97F29200922B92 /* PostcardTests.swift */ = {isa = PBXFileReference; lastKnownFileType = sourcecode.swift; path = PostcardTests.swift; sourceTree = "<group>"; };
		7BDDA2731A9BE3510015D69A /* SagradaFamilia.jpeg */ = {isa = PBXFileReference; lastKnownFileType = image.jpeg; path = SagradaFamilia.jpeg; sourceTree = "<group>"; };
		7BDDA2751A9BE79A0015D69A /* AlbertEinsteinStamp.jpg */ = {isa = PBXFileReference; lastKnownFileType = image.jpeg; path = AlbertEinsteinStamp.jpg; sourceTree = "<group>"; };
/* End PBXFileReference section */

/* Begin PBXFrameworksBuildPhase section */
		7B9CBC921A97F29200922B92 /* Frameworks */ = {
			isa = PBXFrameworksBuildPhase;
			buildActionMask = 2147483647;
			files = (
			);
			runOnlyForDeploymentPostprocessing = 0;
		};
		7B9CBCA71A97F29200922B92 /* Frameworks */ = {
			isa = PBXFrameworksBuildPhase;
			buildActionMask = 2147483647;
			files = (
			);
			runOnlyForDeploymentPostprocessing = 0;
		};
/* End PBXFrameworksBuildPhase section */

/* Begin PBXGroup section */
		7B9CBC8C1A97F29200922B92 = {
			isa = PBXGroup;
			children = (
				7B9CBC971A97F29200922B92 /* Postcard */,
				7B9CBCAD1A97F29200922B92 /* PostcardTests */,
				7B9CBC961A97F29200922B92 /* Products */,
			);
			sourceTree = "<group>";
		};
		7B9CBC961A97F29200922B92 /* Products */ = {
			isa = PBXGroup;
			children = (
				7B9CBC951A97F29200922B92 /* Postcard.app */,
				7B9CBCAA1A97F29200922B92 /* PostcardTests.xctest */,
			);
			name = Products;
			sourceTree = "<group>";
		};
		7B9CBC971A97F29200922B92 /* Postcard */ = {
			isa = PBXGroup;
			children = (
				7B9CBC9A1A97F29200922B92 /* AppDelegate.swift */,
				7B9CBC9C1A97F29200922B92 /* ViewController.swift */,
				7B9CBC9E1A97F29200922B92 /* Main.storyboard */,
				7B9CBCA11A97F29200922B92 /* Images.xcassets */,
				7B9CBCA31A97F29200922B92 /* LaunchScreen.xib */,
				7B9CBC981A97F29200922B92 /* Supporting Files */,
			);
			path = Postcard;
			sourceTree = "<group>";
		};
		7B9CBC981A97F29200922B92 /* Supporting Files */ = {
			isa = PBXGroup;
			children = (
				7B9CBC991A97F29200922B92 /* Info.plist */,
			);
			name = "Supporting Files";
			sourceTree = "<group>";
		};
		7B9CBCAD1A97F29200922B92 /* PostcardTests */ = {
			isa = PBXGroup;
			children = (
				7B9CBCB01A97F29200922B92 /* PostcardTests.swift */,
				7B9CBCAE1A97F29200922B92 /* Supporting Files */,
			);
			path = PostcardTests;
			sourceTree = "<group>";
		};
		7B9CBCAE1A97F29200922B92 /* Supporting Files */ = {
			isa = PBXGroup;
			children = (
				7BDDA2751A9BE79A0015D69A /* AlbertEinsteinStamp.jpg */,
				7BDDA2731A9BE3510015D69A /* SagradaFamilia.jpeg */,
				7B9CBCAF1A97F29200922B92 /* Info.plist */,
			);
			name = "Supporting Files";
			sourceTree = "<group>";
		};
/* End PBXGroup section */

/* Begin PBXNativeTarget section */
		7B9CBC941A97F29200922B92 /* Postcard */ = {
			isa = PBXNativeTarget;
			buildConfigurationList = 7B9CBCB41A97F29200922B92 /* Build configuration list for PBXNativeTarget "Postcard" */;
			buildPhases = (
				7B9CBC911A97F29200922B92 /* Sources */,
				7B9CBC921A97F29200922B92 /* Frameworks */,
				7B9CBC931A97F29200922B92 /* Resources */,
			);
			buildRules = (
			);
			dependencies = (
			);
			name = Postcard;
			productName = Postcard;
			productReference = 7B9CBC951A97F29200922B92 /* Postcard.app */;
			productType = "com.apple.product-type.application";
		};
		7B9CBCA91A97F29200922B92 /* PostcardTests */ = {
			isa = PBXNativeTarget;
			buildConfigurationList = 7B9CBCB71A97F29200922B92 /* Build configuration list for PBXNativeTarget "PostcardTests" */;
			buildPhases = (
				7B9CBCA61A97F29200922B92 /* Sources */,
				7B9CBCA71A97F29200922B92 /* Frameworks */,
				7B9CBCA81A97F29200922B92 /* Resources */,
			);
			buildRules = (
			);
			dependencies = (
				7B9CBCAC1A97F29200922B92 /* PBXTargetDependency */,
			);
			name = PostcardTests;
			productName = PostcardTests;
			productReference = 7B9CBCAA1A97F29200922B92 /* PostcardTests.xctest */;
			productType = "com.apple.product-type.bundle.unit-test";
		};
/* End PBXNativeTarget section */

/* Begin PBXProject section */
		7B9CBC8D1A97F29200922B92 /* Project object */ = {
			isa = PBXProject;
			attributes = {
				LastUpgradeCheck = 0610;
				ORGANIZATIONNAME = "Mark Nicholls";
				TargetAttributes = {
					7B9CBC941A97F29200922B92 = {
						CreatedOnToolsVersion = 6.1.1;
					};
					7B9CBCA91A97F29200922B92 = {
						CreatedOnToolsVersion = 6.1.1;
						TestTargetID = 7B9CBC941A97F29200922B92;
					};
				};
			};
			buildConfigurationList = 7B9CBC901A97F29200922B92 /* Build configuration list for PBXProject "Postcard" */;
			compatibilityVersion = "Xcode 3.2";
			developmentRegion = English;
			hasScannedForEncodings = 0;
			knownRegions = (
				en,
				Base,
			);
			mainGroup = 7B9CBC8C1A97F29200922B92;
			productRefGroup = 7B9CBC961A97F29200922B92 /* Products */;
			projectDirPath = "";
			projectRoot = "";
			targets = (
				7B9CBC941A97F29200922B92 /* Postcard */,
				7B9CBCA91A97F29200922B92 /* PostcardTests */,
			);
		};
/* End PBXProject section */

/* Begin PBXResourcesBuildPhase section */
		7B9CBC931A97F29200922B92 /* Resources */ = {
			isa = PBXResourcesBuildPhase;
			buildActionMask = 2147483647;
			files = (
				7B9CBCA01A97F29200922B92 /* Main.storyboard in Resources */,
				7BDDA2741A9BE3510015D69A /* SagradaFamilia.jpeg in Resources */,
				7BDDA2761A9BE79A0015D69A /* AlbertEinsteinStamp.jpg in Resources */,
				7B9CBCA51A97F29200922B92 /* LaunchScreen.xib in Resources */,
				7B9CBCA21A97F29200922B92 /* Images.xcassets in Resources */,
			);
			runOnlyForDeploymentPostprocessing = 0;
		};
		7B9CBCA81A97F29200922B92 /* Resources */ = {
			isa = PBXResourcesBuildPhase;
			buildActionMask = 2147483647;
			files = (
			);
			runOnlyForDeploymentPostprocessing = 0;
		};
/* End PBXResourcesBuildPhase section */

/* Begin PBXSourcesBuildPhase section */
		7B9CBC911A97F29200922B92 /* Sources */ = {
			isa = PBXSourcesBuildPhase;
			buildActionMask = 2147483647;
			files = (
				7B9CBC9D1A97F29200922B92 /* ViewController.swift in Sources */,
				7B9CBC9B1A97F29200922B92 /* AppDelegate.swift in Sources */,
			);
			runOnlyForDeploymentPostprocessing = 0;
		};
		7B9CBCA61A97F29200922B92 /* Sources */ = {
			isa = PBXSourcesBuildPhase;
			buildActionMask = 2147483647;
			files = (
				7B9CBCB11A97F29200922B92 /* PostcardTests.swift in Sources */,
			);
			runOnlyForDeploymentPostprocessing = 0;
		};
/* End PBXSourcesBuildPhase section */

/* Begin PBXTargetDependency section */
		7B9CBCAC1A97F29200922B92 /* PBXTargetDependency */ = {
			isa = PBXTargetDependency;
			target = 7B9CBC941A97F29200922B92 /* Postcard */;
			targetProxy = 7B9CBCAB1A97F29200922B92 /* PBXContainerItemProxy */;
		};
/* End PBXTargetDependency section */

/* Begin PBXVariantGroup section */
		7B9CBC9E1A97F29200922B92 /* Main.storyboard */ = {
			isa = PBXVariantGroup;
			children = (
				7B9CBC9F1A97F29200922B92 /* Base */,
			);
			name = Main.storyboard;
			sourceTree = "<group>";
		};
		7B9CBCA31A97F29200922B92 /* LaunchScreen.xib */ = {
			isa = PBXVariantGroup;
			children = (
				7B9CBCA41A97F29200922B92 /* Base */,
			);
			name = LaunchScreen.xib;
			sourceTree = "<group>";
		};
/* End PBXVariantGroup section */

/* Begin XCBuildConfiguration section */
		7B9CBCB21A97F29200922B92 /* Debug */ = {
			isa = XCBuildConfiguration;
			buildSettings = {
				ALWAYS_SEARCH_USER_PATHS = NO;
				CLANG_CXX_LANGUAGE_STANDARD = "gnu++0x";
				CLANG_CXX_LIBRARY = "libc++";
				CLANG_ENABLE_MODULES = YES;
				CLANG_ENABLE_OBJC_ARC = YES;
				CLANG_WARN_BOOL_CONVERSION = YES;
				CLANG_WARN_CONSTANT_CONVERSION = YES;
				CLANG_WARN_DIRECT_OBJC_ISA_USAGE = YES_ERROR;
				CLANG_WARN_EMPTY_BODY = YES;
				CLANG_WARN_ENUM_CONVERSION = YES;
				CLANG_WARN_INT_CONVERSION = YES;
				CLANG_WARN_OBJC_ROOT_CLASS = YES_ERROR;
				CLANG_WARN_UNREACHABLE_CODE = YES;
				CLANG_WARN__DUPLICATE_METHOD_MATCH = YES;
				"CODE_SIGN_IDENTITY[sdk=iphoneos*]" = "iPhone Developer";
				COPY_PHASE_STRIP = NO;
				ENABLE_STRICT_OBJC_MSGSEND = YES;
				GCC_C_LANGUAGE_STANDARD = gnu99;
				GCC_DYNAMIC_NO_PIC = NO;
				GCC_OPTIMIZATION_LEVEL = 0;
				GCC_PREPROCESSOR_DEFINITIONS = (
					"DEBUG=1",
					"$(inherited)",
				);
				GCC_SYMBOLS_PRIVATE_EXTERN = NO;
				GCC_WARN_64_TO_32_BIT_CONVERSION = YES;
				GCC_WARN_ABOUT_RETURN_TYPE = YES_ERROR;
				GCC_WARN_UNDECLARED_SELECTOR = YES;
				GCC_WARN_UNINITIALIZED_AUTOS = YES_AGGRESSIVE;
				GCC_WARN_UNUSED_FUNCTION = YES;
				GCC_WARN_UNUSED_VARIABLE = YES;
				IPHONEOS_DEPLOYMENT_TARGET = 8.1;
				MTL_ENABLE_DEBUG_INFO = YES;
				ONLY_ACTIVE_ARCH = YES;
				SDKROOT = iphoneos;
				SWIFT_OPTIMIZATION_LEVEL = "-Onone";
				TARGETED_DEVICE_FAMILY = "1,2";
			};
			name = Debug;
		};
		7B9CBCB31A97F29200922B92 /* Release */ = {
			isa = XCBuildConfiguration;
			buildSettings = {
				ALWAYS_SEARCH_USER_PATHS = NO;
				CLANG_CXX_LANGUAGE_STANDARD = "gnu++0x";
				CLANG_CXX_LIBRARY = "libc++";
				CLANG_ENABLE_MODULES = YES;
				CLANG_ENABLE_OBJC_ARC = YES;
				CLANG_WARN_BOOL_CONVERSION = YES;
				CLANG_WARN_CONSTANT_CONVERSION = YES;
				CLANG_WARN_DIRECT_OBJC_ISA_USAGE = YES_ERROR;
				CLANG_WARN_EMPTY_BODY = YES;
				CLANG_WARN_ENUM_CONVERSION = YES;
				CLANG_WARN_INT_CONVERSION = YES;
				CLANG_WARN_OBJC_ROOT_CLASS = YES_ERROR;
				CLANG_WARN_UNREACHABLE_CODE = YES;
				CLANG_WARN__DUPLICATE_METHOD_MATCH = YES;
				"CODE_SIGN_IDENTITY[sdk=iphoneos*]" = "iPhone Developer";
				COPY_PHASE_STRIP = YES;
				ENABLE_NS_ASSERTIONS = NO;
				ENABLE_STRICT_OBJC_MSGSEND = YES;
				GCC_C_LANGUAGE_STANDARD = gnu99;
				GCC_WARN_64_TO_32_BIT_CONVERSION = YES;
				GCC_WARN_ABOUT_RETURN_TYPE = YES_ERROR;
				GCC_WARN_UNDECLARED_SELECTOR = YES;
				GCC_WARN_UNINITIALIZED_AUTOS = YES_AGGRESSIVE;
				GCC_WARN_UNUSED_FUNCTION = YES;
				GCC_WARN_UNUSED_VARIABLE = YES;
				IPHONEOS_DEPLOYMENT_TARGET = 8.1;
				MTL_ENABLE_DEBUG_INFO = NO;
				SDKROOT = iphoneos;
				TARGETED_DEVICE_FAMILY = "1,2";
				VALIDATE_PRODUCT = YES;
			};
			name = Release;
		};
		7B9CBCB51A97F29200922B92 /* Debug */ = {
			isa = XCBuildConfiguration;
			buildSettings = {
				ASSETCATALOG_COMPILER_APPICON_NAME = AppIcon;
				INFOPLIST_FILE = Postcard/Info.plist;
				LD_RUNPATH_SEARCH_PATHS = "$(inherited) @executable_path/Frameworks";
				PRODUCT_NAME = "$(TARGET_NAME)";
			};
			name = Debug;
		};
		7B9CBCB61A97F29200922B92 /* Release */ = {
			isa = XCBuildConfiguration;
			buildSettings = {
				ASSETCATALOG_COMPILER_APPICON_NAME = AppIcon;
				INFOPLIST_FILE = Postcard/Info.plist;
				LD_RUNPATH_SEARCH_PATHS = "$(inherited) @executable_path/Frameworks";
				PRODUCT_NAME = "$(TARGET_NAME)";
			};
			name = Release;
		};
		7B9CBCB81A97F29200922B92 /* Debug */ = {
			isa = XCBuildConfiguration;
			buildSettings = {
				BUNDLE_LOADER = "$(TEST_HOST)";
				FRAMEWORK_SEARCH_PATHS = (
					"$(SDKROOT)/Developer/Library/Frameworks",
					"$(inherited)",
				);
				GCC_PREPROCESSOR_DEFINITIONS = (
					"DEBUG=1",
					"$(inherited)",
				);
				INFOPLIST_FILE = PostcardTests/Info.plist;
				LD_RUNPATH_SEARCH_PATHS = "$(inherited) @executable_path/Frameworks @loader_path/Frameworks";
				PRODUCT_NAME = "$(TARGET_NAME)";
				TEST_HOST = "$(BUILT_PRODUCTS_DIR)/Postcard.app/Postcard";
			};
			name = Debug;
		};
		7B9CBCB91A97F29200922B92 /* Release */ = {
			isa = XCBuildConfiguration;
			buildSettings = {
				BUNDLE_LOADER = "$(TEST_HOST)";
				FRAMEWORK_SEARCH_PATHS = (
					"$(SDKROOT)/Developer/Library/Frameworks",
					"$(inherited)",
				);
				INFOPLIST_FILE = PostcardTests/Info.plist;
				LD_RUNPATH_SEARCH_PATHS = "$(inherited) @executable_path/Frameworks @loader_path/Frameworks";
				PRODUCT_NAME = "$(TARGET_NAME)";
				TEST_HOST = "$(BUILT_PRODUCTS_DIR)/Postcard.app/Postcard";
			};
			name = Release;
		};
/* End XCBuildConfiguration section */

/* Begin XCConfigurationList section */
		7B9CBC901A97F29200922B92 /* Build configuration list for PBXProject "Postcard" */ = {
			isa = XCConfigurationList;
			buildConfigurations = (
				7B9CBCB21A97F29200922B92 /* Debug */,
				7B9CBCB31A97F29200922B92 /* Release */,
			);
			defaultConfigurationIsVisible = 0;
			defaultConfigurationName = Release;
		};
		7B9CBCB41A97F29200922B92 /* Build configuration list for PBXNativeTarget "Postcard" */ = {
			isa = XCConfigurationList;
			buildConfigurations = (
				7B9CBCB51A97F29200922B92 /* Debug */,
				7B9CBCB61A97F29200922B92 /* Release */,
			);
			defaultConfigurationIsVisible = 0;
			defaultConfigurationName = Release;
		};
		7B9CBCB71A97F29200922B92 /* Build configuration list for PBXNativeTarget "PostcardTests" */ = {
			isa = XCConfigurationList;
			buildConfigurations = (
				7B9CBCB81A97F29200922B92 /* Debug */,
				7B9CBCB91A97F29200922B92 /* Release */,
			);
			defaultConfigurationIsVisible = 0;
			defaultConfigurationName = Release;
		};
/* End XCConfigurationList section */
	};
	rootObject = 7B9CBC8D1A97F29200922B92 /* Project object */;
}
